
Microsoft Visual Studio Solution File, Format Version 12.00
# Visual Studio 15
VisualStudioVersion = 15.0.27703.2026
MinimumVisualStudioVersion = 10.0.40219.1
Project("{2150E333-8FDC-42A3-9474-1A3956D46DE8}") = ".includes", ".includes", "{D69E6983-19B0-4375-AE2D-6086EE281864}"
EndProject
Project("{9A19103F-16F7-4668-BE54-9A1E7A4F7556}") = "ID3iCore - Nuget", "..\ID3iCore\ID3iCore\ID3iCore - Nuget.csproj", "{177E69BF-E4A6-4641-BF7B-C2954AF46E78}"
EndProject
Project("{9A19103F-16F7-4668-BE54-9A1E7A4F7556}") = "ID3iCore.Either", "..\ID3iCore\ID3iCore.Either\ID3iCore.Either.csproj", "{F82B930E-D535-4FD3-9A53-19E5094E8DE3}"
EndProject
Project("{9A19103F-16F7-4668-BE54-9A1E7A4F7556}") = "ID3iDate - Nuget", "..\ID3iDate\ID3iDate\ID3iDate - Nuget.csproj", "{F24D269F-AC84-4F01-88E4-07C17701C295}"
EndProject
Project("{9A19103F-16F7-4668-BE54-9A1E7A4F7556}") = "ID3iHttpClient.Dynamic", "..\ID3iHttpClient\ID3iHttpClient.Dynamic\ID3iHttpClient.Dynamic.csproj", "{5A4E2418-8988-4135-9C8F-1C6D026D19BF}"
EndProject
Project("{9A19103F-16F7-4668-BE54-9A1E7A4F7556}") = "ID3iRegex - Nuget", "..\ID3iRegex\ID3iRegex\ID3iRegex - Nuget.csproj", "{3877BAB7-418D-49A1-ADD9-BB6847317B19}"
EndProject
Project("{2150E333-8FDC-42A3-9474-1A3956D46DE8}") = "Modularity", "Modularity", "{A917C625-4F55-40DE-B0A9-CD94DE46439A}"
EndProject
Project("{FAE04EC0-301F-11D3-BF4B-00C04F79EFBC}") = "ID3iHoliday.Countries.Modularity", "ID3iHoliday.Countries.Modularity\ID3iHoliday.Countries.Modularity.csproj", "{9774607F-13AA-4D06-8B4E-E0F64F467EDC}"
EndProject
Project("{FAE04EC0-301F-11D3-BF4B-00C04F79EFBC}") = "ID3iHoliday.Engine.Modularity", "ID3iHoliday.Engine.Modularity\ID3iHoliday.Engine.Modularity.csproj", "{36C93161-3966-477E-B3FD-7CFA7E5FA809}"
EndProject
Project("{2150E333-8FDC-42A3-9474-1A3956D46DE8}") = "Standard", "Standard", "{4E3925D1-47B2-4E71-94DD-9E1EC69D3334}"
EndProject
Project("{9A19103F-16F7-4668-BE54-9A1E7A4F7556}") = "ID3iHoliday.Countries - Nuget", "ID3iHoliday.Countries\ID3iHoliday.Countries - Nuget.csproj", "{542C6A3B-4CA0-4E46-B88B-134F615E19C9}"
EndProject
Project("{9A19103F-16F7-4668-BE54-9A1E7A4F7556}") = "ID3iHoliday.Engine.Standard - Nuget", "ID3iHoliday.Engine.Standard\ID3iHoliday.Engine.Standard - Nuget.csproj", "{07A55977-E60A-45B0-8999-B83D4F433DA2}"
EndProject
Project("{9A19103F-16F7-4668-BE54-9A1E7A4F7556}") = "ID3iHoliday.Core - Nuget", "ID3iHoliday.Core\ID3iHoliday.Core - Nuget.csproj", "{E0FFC2C6-12AC-406B-96AF-9DB9914D2ABE}"
EndProject
Project("{9A19103F-16F7-4668-BE54-9A1E7A4F7556}") = "ID3iHoliday.Engine - Nuget", "ID3iHoliday.Engine\ID3iHoliday.Engine - Nuget.csproj", "{101AA2B9-E908-4559-A323-972915D03490}"
EndProject
Project("{9A19103F-16F7-4668-BE54-9A1E7A4F7556}") = "ID3iHoliday.Models - Nuget", "ID3iHoliday.Models\ID3iHoliday.Models - Nuget.csproj", "{A37B7EEA-9C77-47D0-AC33-CB2338A60BE0}"
EndProject
Project("{9A19103F-16F7-4668-BE54-9A1E7A4F7556}") = "ID3iHoliday.Syntax - Nuget", "ID3iHoliday.Syntax\ID3iHoliday.Syntax - Nuget.csproj", "{D720FA3B-1FB9-4EA8-A332-8A21C64FC249}"
EndProject
Project("{FAE04EC0-301F-11D3-BF4B-00C04F79EFBC}") = "ID3iHoliday.WebService", "ID3iHoliday.WebService\ID3iHoliday.WebService.csproj", "{1A92415A-B6FA-4D34-8C3C-C1540432DB57}"
EndProject
Project("{FAE04EC0-301F-11D3-BF4B-00C04F79EFBC}") = "ID3iHoliday.WebService.Client", "ID3iHoliday.WebService.Client\ID3iHoliday.WebService.Client.csproj", "{30A60F51-62CB-405F-981B-32F48248D4DF}"
EndProject
Project("{FAE04EC0-301F-11D3-BF4B-00C04F79EFBC}") = "ID3iHoliday.WebService.Models", "ID3iHoliday.WebService.Models\ID3iHoliday.WebService.Models.csproj", "{8F94BEA2-886E-4D48-9EE8-CEB648F74661}"
EndProject
Global
	GlobalSection(SolutionConfigurationPlatforms) = preSolution
		Debug|Any CPU = Debug|Any CPU
		Release|Any CPU = Release|Any CPU
	EndGlobalSection
	GlobalSection(ProjectConfigurationPlatforms) = postSolution
		{177E69BF-E4A6-4641-BF7B-C2954AF46E78}.Debug|Any CPU.ActiveCfg = Debug|Any CPU
		{177E69BF-E4A6-4641-BF7B-C2954AF46E78}.Debug|Any CPU.Build.0 = Debug|Any CPU
		{177E69BF-E4A6-4641-BF7B-C2954AF46E78}.Release|Any CPU.ActiveCfg = Release|Any CPU
		{177E69BF-E4A6-4641-BF7B-C2954AF46E78}.Release|Any CPU.Build.0 = Release|Any CPU
		{F82B930E-D535-4FD3-9A53-19E5094E8DE3}.Debug|Any CPU.ActiveCfg = Debug|Any CPU
		{F82B930E-D535-4FD3-9A53-19E5094E8DE3}.Debug|Any CPU.Build.0 = Debug|Any CPU
		{F82B930E-D535-4FD3-9A53-19E5094E8DE3}.Release|Any CPU.ActiveCfg = Release|Any CPU
		{F82B930E-D535-4FD3-9A53-19E5094E8DE3}.Release|Any CPU.Build.0 = Release|Any CPU
		{F24D269F-AC84-4F01-88E4-07C17701C295}.Debug|Any CPU.ActiveCfg = Debug|Any CPU
		{F24D269F-AC84-4F01-88E4-07C17701C295}.Debug|Any CPU.Build.0 = Debug|Any CPU
		{F24D269F-AC84-4F01-88E4-07C17701C295}.Release|Any CPU.ActiveCfg = Release|Any CPU
		{F24D269F-AC84-4F01-88E4-07C17701C295}.Release|Any CPU.Build.0 = Release|Any CPU
		{5A4E2418-8988-4135-9C8F-1C6D026D19BF}.Debug|Any CPU.ActiveCfg = Debug|Any CPU
		{5A4E2418-8988-4135-9C8F-1C6D026D19BF}.Debug|Any CPU.Build.0 = Debug|Any CPU
		{5A4E2418-8988-4135-9C8F-1C6D026D19BF}.Release|Any CPU.ActiveCfg = Release|Any CPU
		{5A4E2418-8988-4135-9C8F-1C6D026D19BF}.Release|Any CPU.Build.0 = Release|Any CPU
		{3877BAB7-418D-49A1-ADD9-BB6847317B19}.Debug|Any CPU.ActiveCfg = Debug|Any CPU
		{3877BAB7-418D-49A1-ADD9-BB6847317B19}.Debug|Any CPU.Build.0 = Debug|Any CPU
		{3877BAB7-418D-49A1-ADD9-BB6847317B19}.Release|Any CPU.ActiveCfg = Release|Any CPU
		{3877BAB7-418D-49A1-ADD9-BB6847317B19}.Release|Any CPU.Build.0 = Release|Any CPU
		{9774607F-13AA-4D06-8B4E-E0F64F467EDC}.Debug|Any CPU.ActiveCfg = Debug|Any CPU
		{9774607F-13AA-4D06-8B4E-E0F64F467EDC}.Debug|Any CPU.Build.0 = Debug|Any CPU
		{9774607F-13AA-4D06-8B4E-E0F64F467EDC}.Release|Any CPU.ActiveCfg = Release|Any CPU
		{9774607F-13AA-4D06-8B4E-E0F64F467EDC}.Release|Any CPU.Build.0 = Release|Any CPU
		{36C93161-3966-477E-B3FD-7CFA7E5FA809}.Debug|Any CPU.ActiveCfg = Debug|Any CPU
		{36C93161-3966-477E-B3FD-7CFA7E5FA809}.Debug|Any CPU.Build.0 = Debug|Any CPU
		{36C93161-3966-477E-B3FD-7CFA7E5FA809}.Release|Any CPU.ActiveCfg = Release|Any CPU
		{36C93161-3966-477E-B3FD-7CFA7E5FA809}.Release|Any CPU.Build.0 = Release|Any CPU
		{542C6A3B-4CA0-4E46-B88B-134F615E19C9}.Debug|Any CPU.ActiveCfg = Debug|Any CPU
		{542C6A3B-4CA0-4E46-B88B-134F615E19C9}.Debug|Any CPU.Build.0 = Debug|Any CPU
		{542C6A3B-4CA0-4E46-B88B-134F615E19C9}.Release|Any CPU.ActiveCfg = Release|Any CPU
		{542C6A3B-4CA0-4E46-B88B-134F615E19C9}.Release|Any CPU.Build.0 = Release|Any CPU
		{07A55977-E60A-45B0-8999-B83D4F433DA2}.Debug|Any CPU.ActiveCfg = Debug|Any CPU
		{07A55977-E60A-45B0-8999-B83D4F433DA2}.Debug|Any CPU.Build.0 = Debug|Any CPU
		{07A55977-E60A-45B0-8999-B83D4F433DA2}.Release|Any CPU.ActiveCfg = Release|Any CPU
		{07A55977-E60A-45B0-8999-B83D4F433DA2}.Release|Any CPU.Build.0 = Release|Any CPU
		{E0FFC2C6-12AC-406B-96AF-9DB9914D2ABE}.Debug|Any CPU.ActiveCfg = Debug|Any CPU
		{E0FFC2C6-12AC-406B-96AF-9DB9914D2ABE}.Debug|Any CPU.Build.0 = Debug|Any CPU
		{E0FFC2C6-12AC-406B-96AF-9DB9914D2ABE}.Release|Any CPU.ActiveCfg = Release|Any CPU
		{E0FFC2C6-12AC-406B-96AF-9DB9914D2ABE}.Release|Any CPU.Build.0 = Release|Any CPU
		{101AA2B9-E908-4559-A323-972915D03490}.Debug|Any CPU.ActiveCfg = Debug|Any CPU
		{101AA2B9-E908-4559-A323-972915D03490}.Debug|Any CPU.Build.0 = Debug|Any CPU
		{101AA2B9-E908-4559-A323-972915D03490}.Release|Any CPU.ActiveCfg = Release|Any CPU
		{101AA2B9-E908-4559-A323-972915D03490}.Release|Any CPU.Build.0 = Release|Any CPU
		{A37B7EEA-9C77-47D0-AC33-CB2338A60BE0}.Debug|Any CPU.ActiveCfg = Debug|Any CPU
		{A37B7EEA-9C77-47D0-AC33-CB2338A60BE0}.Debug|Any CPU.Build.0 = Debug|Any CPU
		{A37B7EEA-9C77-47D0-AC33-CB2338A60BE0}.Release|Any CPU.ActiveCfg = Release|Any CPU
		{A37B7EEA-9C77-47D0-AC33-CB2338A60BE0}.Release|Any CPU.Build.0 = Release|Any CPU
		{D720FA3B-1FB9-4EA8-A332-8A21C64FC249}.Debug|Any CPU.ActiveCfg = Debug|Any CPU
		{D720FA3B-1FB9-4EA8-A332-8A21C64FC249}.Debug|Any CPU.Build.0 = Debug|Any CPU
		{D720FA3B-1FB9-4EA8-A332-8A21C64FC249}.Release|Any CPU.ActiveCfg = Release|Any CPU
		{D720FA3B-1FB9-4EA8-A332-8A21C64FC249}.Release|Any CPU.Build.0 = Release|Any CPU
		{1A92415A-B6FA-4D34-8C3C-C1540432DB57}.Debug|Any CPU.ActiveCfg = Debug|Any CPU
		{1A92415A-B6FA-4D34-8C3C-C1540432DB57}.Debug|Any CPU.Build.0 = Debug|Any CPU
		{1A92415A-B6FA-4D34-8C3C-C1540432DB57}.Release|Any CPU.ActiveCfg = Release|Any CPU
		{1A92415A-B6FA-4D34-8C3C-C1540432DB57}.Release|Any CPU.Build.0 = Release|Any CPU
		{30A60F51-62CB-405F-981B-32F48248D4DF}.Debug|Any CPU.ActiveCfg = Debug|Any CPU
		{30A60F51-62CB-405F-981B-32F48248D4DF}.Debug|Any CPU.Build.0 = Debug|Any CPU
		{30A60F51-62CB-405F-981B-32F48248D4DF}.Release|Any CPU.ActiveCfg = Release|Any CPU
		{30A60F51-62CB-405F-981B-32F48248D4DF}.Release|Any CPU.Build.0 = Release|Any CPU
		{8F94BEA2-886E-4D48-9EE8-CEB648F74661}.Debug|Any CPU.ActiveCfg = Debug|Any CPU
		{8F94BEA2-886E-4D48-9EE8-CEB648F74661}.Debug|Any CPU.Build.0 = Debug|Any CPU
		{8F94BEA2-886E-4D48-9EE8-CEB648F74661}.Release|Any CPU.ActiveCfg = Release|Any CPU
		{8F94BEA2-886E-4D48-9EE8-CEB648F74661}.Release|Any CPU.Build.0 = Release|Any CPU
	EndGlobalSection
	GlobalSection(SolutionProperties) = preSolution
		HideSolutionNode = FALSE
	EndGlobalSection
	GlobalSection(NestedProjects) = preSolution
		{177E69BF-E4A6-4641-BF7B-C2954AF46E78} = {D69E6983-19B0-4375-AE2D-6086EE281864}
		{F82B930E-D535-4FD3-9A53-19E5094E8DE3} = {D69E6983-19B0-4375-AE2D-6086EE281864}
		{F24D269F-AC84-4F01-88E4-07C17701C295} = {D69E6983-19B0-4375-AE2D-6086EE281864}
		{5A4E2418-8988-4135-9C8F-1C6D026D19BF} = {D69E6983-19B0-4375-AE2D-6086EE281864}
		{3877BAB7-418D-49A1-ADD9-BB6847317B19} = {D69E6983-19B0-4375-AE2D-6086EE281864}
		{9774607F-13AA-4D06-8B4E-E0F64F467EDC} = {A917C625-4F55-40DE-B0A9-CD94DE46439A}
		{36C93161-3966-477E-B3FD-7CFA7E5FA809} = {A917C625-4F55-40DE-B0A9-CD94DE46439A}
		{542C6A3B-4CA0-4E46-B88B-134F615E19C9} = {4E3925D1-47B2-4E71-94DD-9E1EC69D3334}
		{07A55977-E60A-45B0-8999-B83D4F433DA2} = {4E3925D1-47B2-4E71-94DD-9E1EC69D3334}
	EndGlobalSection
	GlobalSection(ExtensibilityGlobals) = postSolution
		SolutionGuid = {65999907-0818-4931-B418-E26AC746B204}
	EndGlobalSection
EndGlobal
