
Microsoft Visual Studio Solution File, Format Version 12.00
# Visual Studio 15
VisualStudioVersion = 15.0.27130.2024
MinimumVisualStudioVersion = 10.0.40219.1
Project("{9A19103F-16F7-4668-BE54-9A1E7A4F7556}") = "ShaNetHoliday.Core", "ShaNetHoliday.Core\ShaNetHoliday.Core.csproj", "{2DA2895E-CA5C-440F-93B1-E8A8C50CF738}"
EndProject
Project("{2150E333-8FDC-42A3-9474-1A3956D46DE8}") = ".includes", ".includes", "{79ADEB82-62FC-43C0-A74C-8180A05A24F0}"
EndProject
Project("{9A19103F-16F7-4668-BE54-9A1E7A4F7556}") = "ShaNetRegex", "..\ShaNetRegex\ShaNetRegex\ShaNetRegex.csproj", "{59684D18-ED50-4A68-87F7-0BF011B0D9C7}"
EndProject
Project("{9A19103F-16F7-4668-BE54-9A1E7A4F7556}") = "ShaNetDate", "..\ShaNetDate\ShaNetDate\ShaNetDate.csproj", "{4620F291-CCC3-4120-A0D7-FD3A37B2952B}"
EndProject
Project("{9A19103F-16F7-4668-BE54-9A1E7A4F7556}") = "ShaNetHoliday.Syntax", "ShaNetHoliday.Syntax\ShaNetHoliday.Syntax.csproj", "{A515221B-59BF-4471-82E8-3BDB5DB1E4AE}"
EndProject
Project("{9A19103F-16F7-4668-BE54-9A1E7A4F7556}") = "ShaNetHoliday.Models", "ShaNetHoliday.Models\ShaNetHoliday.Models.csproj", "{C7C2D758-46D9-4840-9AF9-DFDD85C94178}"
EndProject
Project("{9A19103F-16F7-4668-BE54-9A1E7A4F7556}") = "ShaNetCore", "..\ShaNetCore\ShaNetCore\ShaNetCore.csproj", "{BA32AABF-4D61-4AD3-A50F-715758867194}"
EndProject
Project("{9A19103F-16F7-4668-BE54-9A1E7A4F7556}") = "ShaNetHoliday.Engine", "ShaNetHoliday.Engine\ShaNetHoliday.Engine.csproj", "{1AE7BED4-722E-4695-A5E7-FFCBB004C55E}"
EndProject
Project("{FAE04EC0-301F-11D3-BF4B-00C04F79EFBC}") = "ShaNetHoliday.Engine.Modularity", "ShaNetHoliday.Engine.Modularity\ShaNetHoliday.Engine.Modularity.csproj", "{36C93161-3966-477E-B3FD-7CFA7E5FA809}"
EndProject
Project("{2150E333-8FDC-42A3-9474-1A3956D46DE8}") = "Modularity", "Modularity", "{12FDB5C8-4BA7-4E13-B6C0-53993C5A2588}"
EndProject
Project("{2150E333-8FDC-42A3-9474-1A3956D46DE8}") = "Standard", "Standard", "{2981ABF5-9E6F-41DB-A496-C10C5C95B1E2}"
EndProject
Project("{9A19103F-16F7-4668-BE54-9A1E7A4F7556}") = "ShaNetHoliday.Engine.Standard", "ShaNetHoliday.Engine.Standard\ShaNetHoliday.Engine.Standard.csproj", "{B79AC695-E873-4637-9D52-52BECE6D493D}"
EndProject
Project("{2150E333-8FDC-42A3-9474-1A3956D46DE8}") = "..informations", "..informations", "{726AEBE3-6A0A-4B2D-A693-5F18E6693350}"
	ProjectSection(SolutionItems) = preProject
		ReadMe.md = ReadMe.md
	EndProjectSection
EndProject
Project("{9A19103F-16F7-4668-BE54-9A1E7A4F7556}") = "ShaNetHoliday.Countries", "ShaNetHoliday.Countries\ShaNetHoliday.Countries.csproj", "{6F2F409B-CFF5-4B37-B75F-2DCEE39F3299}"
EndProject
Project("{FAE04EC0-301F-11D3-BF4B-00C04F79EFBC}") = "ShaNetHoliday.Countries.Modularity", "ShaNetHoliday.Countries.Modularity\ShaNetHoliday.Countries.Modularity.csproj", "{9774607F-13AA-4D06-8B4E-E0F64F467EDC}"
EndProject
Project("{FAE04EC0-301F-11D3-BF4B-00C04F79EFBC}") = "ShaNetHoliday.WebService", "ShaNetHoliday.WebService\ShaNetHoliday.WebService.csproj", "{1A92415A-B6FA-4D34-8C3C-C1540432DB57}"
EndProject
Project("{FAE04EC0-301F-11D3-BF4B-00C04F79EFBC}") = "ShaNetHoliday.WebService.Models", "ShaNetHoliday.WebService.Models\ShaNetHoliday.WebService.Models.csproj", "{8F94BEA2-886E-4D48-9EE8-CEB648F74661}"
EndProject
Project("{FAE04EC0-301F-11D3-BF4B-00C04F79EFBC}") = "ShaNetHoliday.WebService.Client", "ShaNetHoliday.WebService.Client\ShaNetHoliday.WebService.Client.csproj", "{30A60F51-62CB-405F-981B-32F48248D4DF}"
EndProject
Project("{9A19103F-16F7-4668-BE54-9A1E7A4F7556}") = "ShaNetHttpClient.Dynamic", "..\ShaNetHttpClient\ShaNetHttpClient.Dynamic\ShaNetHttpClient.Dynamic.csproj", "{A1070447-8DC4-4F30-B9FB-C80E86FD2743}"
EndProject
Project("{9A19103F-16F7-4668-BE54-9A1E7A4F7556}") = "ShaNetCore.Either", "..\ShaNetCore\ShaNetCore.Either\ShaNetCore.Either.csproj", "{70C64E05-ABB5-4E7C-8190-53EC10D3ABC4}"
EndProject
Project("{FAE04EC0-301F-11D3-BF4B-00C04F79EFBC}") = "ShaNetHoliday.Tests", "ShaNetHoliday.Tests\ShaNetHoliday.Tests.csproj", "{94F49A44-3898-44D7-8B69-DB78FF39DAE7}"
EndProject
Project("{FAE04EC0-301F-11D3-BF4B-00C04F79EFBC}") = "ShaNetDiagnostics", "..\ShaNetDiagnostics\ShaNetDiagnostics\ShaNetDiagnostics.csproj", "{C007DBD5-0FB2-4A88-B22A-6B0615AD52AD}"
EndProject
Project("{FAE04EC0-301F-11D3-BF4B-00C04F79EFBC}") = "ShaNetDiagnostics.Core", "..\ShaNetDiagnostics\ShaNetDiagnostics.Core\ShaNetDiagnostics.Core.csproj", "{84C84451-D381-4EB4-8B16-F53C14F38A3F}"
EndProject
Project("{FAE04EC0-301F-11D3-BF4B-00C04F79EFBC}") = "ShaNetDiagnostics.Log4NetWriter", "..\ShaNetDiagnostics\ShaNetDiagnostics.Log4Net\ShaNetDiagnostics.Log4NetWriter.csproj", "{EF2FE903-9509-4971-BE6A-94646C54C979}"
EndProject
Project("{FAE04EC0-301F-11D3-BF4B-00C04F79EFBC}") = "ShaNetDiagnostics.RaygunWriter", "..\ShaNetDiagnostics\ShaNetDiagnostics.Raygun\ShaNetDiagnostics.RaygunWriter.csproj", "{E904F019-DB8E-47F0-A81C-26B42B866DFF}"
EndProject
Project("{FAE04EC0-301F-11D3-BF4B-00C04F79EFBC}") = "ShaNetDiagnostics.TraceWriter", "..\ShaNetDiagnostics\ShaNetDiagnostics.Trace\ShaNetDiagnostics.TraceWriter.csproj", "{84AEE912-1865-479F-AEB2-9E38CB60BBDB}"
EndProject
Global
	GlobalSection(SolutionConfigurationPlatforms) = preSolution
		Debug|Any CPU = Debug|Any CPU
		Release|Any CPU = Release|Any CPU
	EndGlobalSection
	GlobalSection(ProjectConfigurationPlatforms) = postSolution
		{2DA2895E-CA5C-440F-93B1-E8A8C50CF738}.Debug|Any CPU.ActiveCfg = Debug|Any CPU
		{2DA2895E-CA5C-440F-93B1-E8A8C50CF738}.Debug|Any CPU.Build.0 = Debug|Any CPU
		{2DA2895E-CA5C-440F-93B1-E8A8C50CF738}.Release|Any CPU.ActiveCfg = Release|Any CPU
		{2DA2895E-CA5C-440F-93B1-E8A8C50CF738}.Release|Any CPU.Build.0 = Release|Any CPU
		{59684D18-ED50-4A68-87F7-0BF011B0D9C7}.Debug|Any CPU.ActiveCfg = Debug|Any CPU
		{59684D18-ED50-4A68-87F7-0BF011B0D9C7}.Debug|Any CPU.Build.0 = Debug|Any CPU
		{59684D18-ED50-4A68-87F7-0BF011B0D9C7}.Release|Any CPU.ActiveCfg = Release|Any CPU
		{59684D18-ED50-4A68-87F7-0BF011B0D9C7}.Release|Any CPU.Build.0 = Release|Any CPU
		{4620F291-CCC3-4120-A0D7-FD3A37B2952B}.Debug|Any CPU.ActiveCfg = Debug|Any CPU
		{4620F291-CCC3-4120-A0D7-FD3A37B2952B}.Debug|Any CPU.Build.0 = Debug|Any CPU
		{4620F291-CCC3-4120-A0D7-FD3A37B2952B}.Release|Any CPU.ActiveCfg = Release|Any CPU
		{4620F291-CCC3-4120-A0D7-FD3A37B2952B}.Release|Any CPU.Build.0 = Release|Any CPU
		{A515221B-59BF-4471-82E8-3BDB5DB1E4AE}.Debug|Any CPU.ActiveCfg = Debug|Any CPU
		{A515221B-59BF-4471-82E8-3BDB5DB1E4AE}.Debug|Any CPU.Build.0 = Debug|Any CPU
		{A515221B-59BF-4471-82E8-3BDB5DB1E4AE}.Release|Any CPU.ActiveCfg = Release|Any CPU
		{A515221B-59BF-4471-82E8-3BDB5DB1E4AE}.Release|Any CPU.Build.0 = Release|Any CPU
		{C7C2D758-46D9-4840-9AF9-DFDD85C94178}.Debug|Any CPU.ActiveCfg = Debug|Any CPU
		{C7C2D758-46D9-4840-9AF9-DFDD85C94178}.Debug|Any CPU.Build.0 = Debug|Any CPU
		{C7C2D758-46D9-4840-9AF9-DFDD85C94178}.Release|Any CPU.ActiveCfg = Release|Any CPU
		{C7C2D758-46D9-4840-9AF9-DFDD85C94178}.Release|Any CPU.Build.0 = Release|Any CPU
		{BA32AABF-4D61-4AD3-A50F-715758867194}.Debug|Any CPU.ActiveCfg = Debug|Any CPU
		{BA32AABF-4D61-4AD3-A50F-715758867194}.Debug|Any CPU.Build.0 = Debug|Any CPU
		{BA32AABF-4D61-4AD3-A50F-715758867194}.Release|Any CPU.ActiveCfg = Release|Any CPU
		{BA32AABF-4D61-4AD3-A50F-715758867194}.Release|Any CPU.Build.0 = Release|Any CPU
		{1AE7BED4-722E-4695-A5E7-FFCBB004C55E}.Debug|Any CPU.ActiveCfg = Debug|Any CPU
		{1AE7BED4-722E-4695-A5E7-FFCBB004C55E}.Debug|Any CPU.Build.0 = Debug|Any CPU
		{1AE7BED4-722E-4695-A5E7-FFCBB004C55E}.Release|Any CPU.ActiveCfg = Release|Any CPU
		{1AE7BED4-722E-4695-A5E7-FFCBB004C55E}.Release|Any CPU.Build.0 = Release|Any CPU
		{36C93161-3966-477E-B3FD-7CFA7E5FA809}.Debug|Any CPU.ActiveCfg = Debug|Any CPU
		{36C93161-3966-477E-B3FD-7CFA7E5FA809}.Debug|Any CPU.Build.0 = Debug|Any CPU
		{36C93161-3966-477E-B3FD-7CFA7E5FA809}.Release|Any CPU.ActiveCfg = Release|Any CPU
		{36C93161-3966-477E-B3FD-7CFA7E5FA809}.Release|Any CPU.Build.0 = Release|Any CPU
		{B79AC695-E873-4637-9D52-52BECE6D493D}.Debug|Any CPU.ActiveCfg = Debug|Any CPU
		{B79AC695-E873-4637-9D52-52BECE6D493D}.Debug|Any CPU.Build.0 = Debug|Any CPU
		{B79AC695-E873-4637-9D52-52BECE6D493D}.Release|Any CPU.ActiveCfg = Release|Any CPU
		{B79AC695-E873-4637-9D52-52BECE6D493D}.Release|Any CPU.Build.0 = Release|Any CPU
		{6F2F409B-CFF5-4B37-B75F-2DCEE39F3299}.Debug|Any CPU.ActiveCfg = Debug|Any CPU
		{6F2F409B-CFF5-4B37-B75F-2DCEE39F3299}.Debug|Any CPU.Build.0 = Debug|Any CPU
		{6F2F409B-CFF5-4B37-B75F-2DCEE39F3299}.Release|Any CPU.ActiveCfg = Release|Any CPU
		{6F2F409B-CFF5-4B37-B75F-2DCEE39F3299}.Release|Any CPU.Build.0 = Release|Any CPU
		{9774607F-13AA-4D06-8B4E-E0F64F467EDC}.Debug|Any CPU.ActiveCfg = Debug|Any CPU
		{9774607F-13AA-4D06-8B4E-E0F64F467EDC}.Debug|Any CPU.Build.0 = Debug|Any CPU
		{9774607F-13AA-4D06-8B4E-E0F64F467EDC}.Release|Any CPU.ActiveCfg = Release|Any CPU
		{9774607F-13AA-4D06-8B4E-E0F64F467EDC}.Release|Any CPU.Build.0 = Release|Any CPU
		{1A92415A-B6FA-4D34-8C3C-C1540432DB57}.Debug|Any CPU.ActiveCfg = Debug|Any CPU
		{1A92415A-B6FA-4D34-8C3C-C1540432DB57}.Debug|Any CPU.Build.0 = Debug|Any CPU
		{1A92415A-B6FA-4D34-8C3C-C1540432DB57}.Release|Any CPU.ActiveCfg = Release|Any CPU
		{1A92415A-B6FA-4D34-8C3C-C1540432DB57}.Release|Any CPU.Build.0 = Release|Any CPU
		{8F94BEA2-886E-4D48-9EE8-CEB648F74661}.Debug|Any CPU.ActiveCfg = Debug|Any CPU
		{8F94BEA2-886E-4D48-9EE8-CEB648F74661}.Debug|Any CPU.Build.0 = Debug|Any CPU
		{8F94BEA2-886E-4D48-9EE8-CEB648F74661}.Release|Any CPU.ActiveCfg = Release|Any CPU
		{8F94BEA2-886E-4D48-9EE8-CEB648F74661}.Release|Any CPU.Build.0 = Release|Any CPU
		{30A60F51-62CB-405F-981B-32F48248D4DF}.Debug|Any CPU.ActiveCfg = Debug|Any CPU
		{30A60F51-62CB-405F-981B-32F48248D4DF}.Debug|Any CPU.Build.0 = Debug|Any CPU
		{30A60F51-62CB-405F-981B-32F48248D4DF}.Release|Any CPU.ActiveCfg = Release|Any CPU
		{30A60F51-62CB-405F-981B-32F48248D4DF}.Release|Any CPU.Build.0 = Release|Any CPU
		{A1070447-8DC4-4F30-B9FB-C80E86FD2743}.Debug|Any CPU.ActiveCfg = Debug|Any CPU
		{A1070447-8DC4-4F30-B9FB-C80E86FD2743}.Debug|Any CPU.Build.0 = Debug|Any CPU
		{A1070447-8DC4-4F30-B9FB-C80E86FD2743}.Release|Any CPU.ActiveCfg = Release|Any CPU
		{A1070447-8DC4-4F30-B9FB-C80E86FD2743}.Release|Any CPU.Build.0 = Release|Any CPU
		{70C64E05-ABB5-4E7C-8190-53EC10D3ABC4}.Debug|Any CPU.ActiveCfg = Debug|Any CPU
		{70C64E05-ABB5-4E7C-8190-53EC10D3ABC4}.Debug|Any CPU.Build.0 = Debug|Any CPU
		{70C64E05-ABB5-4E7C-8190-53EC10D3ABC4}.Release|Any CPU.ActiveCfg = Release|Any CPU
		{70C64E05-ABB5-4E7C-8190-53EC10D3ABC4}.Release|Any CPU.Build.0 = Release|Any CPU
		{94F49A44-3898-44D7-8B69-DB78FF39DAE7}.Debug|Any CPU.ActiveCfg = Debug|Any CPU
		{94F49A44-3898-44D7-8B69-DB78FF39DAE7}.Debug|Any CPU.Build.0 = Debug|Any CPU
		{94F49A44-3898-44D7-8B69-DB78FF39DAE7}.Release|Any CPU.ActiveCfg = Release|Any CPU
		{94F49A44-3898-44D7-8B69-DB78FF39DAE7}.Release|Any CPU.Build.0 = Release|Any CPU
		{C007DBD5-0FB2-4A88-B22A-6B0615AD52AD}.Debug|Any CPU.ActiveCfg = Debug|Any CPU
		{C007DBD5-0FB2-4A88-B22A-6B0615AD52AD}.Debug|Any CPU.Build.0 = Debug|Any CPU
		{C007DBD5-0FB2-4A88-B22A-6B0615AD52AD}.Release|Any CPU.ActiveCfg = Release|Any CPU
		{C007DBD5-0FB2-4A88-B22A-6B0615AD52AD}.Release|Any CPU.Build.0 = Release|Any CPU
		{84C84451-D381-4EB4-8B16-F53C14F38A3F}.Debug|Any CPU.ActiveCfg = Debug|Any CPU
		{84C84451-D381-4EB4-8B16-F53C14F38A3F}.Debug|Any CPU.Build.0 = Debug|Any CPU
		{84C84451-D381-4EB4-8B16-F53C14F38A3F}.Release|Any CPU.ActiveCfg = Release|Any CPU
		{84C84451-D381-4EB4-8B16-F53C14F38A3F}.Release|Any CPU.Build.0 = Release|Any CPU
		{EF2FE903-9509-4971-BE6A-94646C54C979}.Debug|Any CPU.ActiveCfg = Debug|Any CPU
		{EF2FE903-9509-4971-BE6A-94646C54C979}.Debug|Any CPU.Build.0 = Debug|Any CPU
		{EF2FE903-9509-4971-BE6A-94646C54C979}.Release|Any CPU.ActiveCfg = Release|Any CPU
		{EF2FE903-9509-4971-BE6A-94646C54C979}.Release|Any CPU.Build.0 = Release|Any CPU
		{E904F019-DB8E-47F0-A81C-26B42B866DFF}.Debug|Any CPU.ActiveCfg = Debug|Any CPU
		{E904F019-DB8E-47F0-A81C-26B42B866DFF}.Debug|Any CPU.Build.0 = Debug|Any CPU
		{E904F019-DB8E-47F0-A81C-26B42B866DFF}.Release|Any CPU.ActiveCfg = Release|Any CPU
		{E904F019-DB8E-47F0-A81C-26B42B866DFF}.Release|Any CPU.Build.0 = Release|Any CPU
		{84AEE912-1865-479F-AEB2-9E38CB60BBDB}.Debug|Any CPU.ActiveCfg = Debug|Any CPU
		{84AEE912-1865-479F-AEB2-9E38CB60BBDB}.Debug|Any CPU.Build.0 = Debug|Any CPU
		{84AEE912-1865-479F-AEB2-9E38CB60BBDB}.Release|Any CPU.ActiveCfg = Release|Any CPU
		{84AEE912-1865-479F-AEB2-9E38CB60BBDB}.Release|Any CPU.Build.0 = Release|Any CPU
	EndGlobalSection
	GlobalSection(SolutionProperties) = preSolution
		HideSolutionNode = FALSE
	EndGlobalSection
	GlobalSection(NestedProjects) = preSolution
		{59684D18-ED50-4A68-87F7-0BF011B0D9C7} = {79ADEB82-62FC-43C0-A74C-8180A05A24F0}
		{4620F291-CCC3-4120-A0D7-FD3A37B2952B} = {79ADEB82-62FC-43C0-A74C-8180A05A24F0}
		{BA32AABF-4D61-4AD3-A50F-715758867194} = {79ADEB82-62FC-43C0-A74C-8180A05A24F0}
		{36C93161-3966-477E-B3FD-7CFA7E5FA809} = {12FDB5C8-4BA7-4E13-B6C0-53993C5A2588}
		{B79AC695-E873-4637-9D52-52BECE6D493D} = {2981ABF5-9E6F-41DB-A496-C10C5C95B1E2}
		{6F2F409B-CFF5-4B37-B75F-2DCEE39F3299} = {2981ABF5-9E6F-41DB-A496-C10C5C95B1E2}
		{9774607F-13AA-4D06-8B4E-E0F64F467EDC} = {12FDB5C8-4BA7-4E13-B6C0-53993C5A2588}
		{A1070447-8DC4-4F30-B9FB-C80E86FD2743} = {79ADEB82-62FC-43C0-A74C-8180A05A24F0}
		{70C64E05-ABB5-4E7C-8190-53EC10D3ABC4} = {79ADEB82-62FC-43C0-A74C-8180A05A24F0}
		{C007DBD5-0FB2-4A88-B22A-6B0615AD52AD} = {79ADEB82-62FC-43C0-A74C-8180A05A24F0}
		{84C84451-D381-4EB4-8B16-F53C14F38A3F} = {79ADEB82-62FC-43C0-A74C-8180A05A24F0}
		{EF2FE903-9509-4971-BE6A-94646C54C979} = {79ADEB82-62FC-43C0-A74C-8180A05A24F0}
		{E904F019-DB8E-47F0-A81C-26B42B866DFF} = {79ADEB82-62FC-43C0-A74C-8180A05A24F0}
		{84AEE912-1865-479F-AEB2-9E38CB60BBDB} = {79ADEB82-62FC-43C0-A74C-8180A05A24F0}
	EndGlobalSection
	GlobalSection(ExtensibilityGlobals) = postSolution
		SolutionGuid = {B26B00FB-ADF4-4E6D-B140-14EF13887310}
	EndGlobalSection
EndGlobal
